{
  "name": "vite-project",
  "version": "0.0.0",
  "lockfileVersion": 1,
  "requires": true,
  "dependencies": {
    "@babel/helper-validator-identifier": {
      "version": "7.14.9",
      "resolved": "http://registry.npm.op.xcar.com.cn:8081/repository/npm-group/@babel/helper-validator-identifier/-/helper-validator-identifier-7.14.9.tgz",
      "integrity": "sha1-ZlTRcbICT22O4VG/JQlpmRkTHUg="
    },
    "@babel/parser": {
      "version": "7.15.3",
      "resolved": "http://registry.npm.op.xcar.com.cn:8081/repository/npm-group/@babel/parser/-/parser-7.15.3.tgz",
      "integrity": "sha1-NBbZvqdIBSz8tj28wnNoEFse2GI="
    },
    "@babel/types": {
      "version": "7.15.0",
      "resolved": "http://registry.npm.op.xcar.com.cn:8081/repository/npm-group/@babel/types/-/types-7.15.0.tgz",
      "integrity": "sha1-Ya8R8ihsTpxpyo3rX0N1pzxy3L0=",
      "requires": {
        "@babel/helper-validator-identifier": "^7.14.9",
        "to-fast-properties": "^2.0.0"
      }
    },
    "@element-plus/icons": {
      "version": "0.0.11",
      "resolved": "http://registry.npm.op.xcar.com.cn:8081/repository/npm-group/@element-plus/icons/-/icons-0.0.11.tgz",
      "integrity": "sha1-mxh8ACd0VIuRGFDRf6X8L5pRX1c="
    },
    "@popperjs/core": {
      "version": "2.9.3",
      "resolved": "http://registry.npm.op.xcar.com.cn:8081/repository/npm-group/@popperjs/core/-/core-2.9.3.tgz",
      "integrity": "sha1-i2jaHr1/xgOZnPbr7jSkiZoUuI4="
    },
    "@types/estree": {
      "version": "0.0.48",
      "resolved": "http://registry.npm.op.xcar.com.cn:8081/repository/npm-group/@types/estree/-/estree-0.0.48.tgz",
      "integrity": "sha1-GNyAkbKF35DbLyWqfZBs/DlLf3Q=",
      "dev": true
    },
    "@vitejs/plugin-vue": {
      "version": "1.4.0",
      "resolved": "http://registry.npm.op.xcar.com.cn:8081/repository/npm-group/@vitejs/plugin-vue/-/plugin-vue-1.4.0.tgz",
      "integrity": "sha1-lirgG3/RatQAeJjGTtY5E24SIVs=",
      "dev": true
    },
    "@vue/compiler-core": {
      "version": "3.2.2",
      "resolved": "http://registry.npm.op.xcar.com.cn:8081/repository/npm-group/@vue/compiler-core/-/compiler-core-3.2.2.tgz",
      "integrity": "sha1-jT4p8SlXntmxT0ivc1/Y2V8khQQ=",
      "requires": {
        "@babel/parser": "^7.12.0",
        "@babel/types": "^7.12.0",
        "@vue/shared": "3.2.2",
        "estree-walker": "^2.0.1",
        "source-map": "^0.6.1"
      }
    },
    "@vue/compiler-dom": {
      "version": "3.2.2",
      "resolved": "http://registry.npm.op.xcar.com.cn:8081/repository/npm-group/@vue/compiler-dom/-/compiler-dom-3.2.2.tgz",
      "integrity": "sha1-JuGYSYdGxTBHw3RNJvyV5nBpKrc=",
      "requires": {
        "@vue/compiler-core": "3.2.2",
        "@vue/shared": "3.2.2"
      }
    },
    "@vue/compiler-sfc": {
      "version": "3.2.2",
      "resolved": "http://registry.npm.op.xcar.com.cn:8081/repository/npm-group/@vue/compiler-sfc/-/compiler-sfc-3.2.2.tgz",
      "integrity": "sha1-W3sTsHaJvo5IgNhW9y0b5QB4W+k=",
      "dev": true,
      "requires": {
        "@babel/parser": "^7.13.9",
        "@babel/types": "^7.13.0",
        "@types/estree": "^0.0.48",
        "@vue/compiler-core": "3.2.2",
        "@vue/compiler-dom": "3.2.2",
        "@vue/compiler-ssr": "3.2.2",
        "@vue/shared": "3.2.2",
        "consolidate": "^0.16.0",
        "estree-walker": "^2.0.1",
        "hash-sum": "^2.0.0",
        "lru-cache": "^5.1.1",
        "magic-string": "^0.25.7",
        "merge-source-map": "^1.1.0",
        "postcss": "^8.1.10",
        "postcss-modules": "^4.0.0",
        "postcss-selector-parser": "^6.0.4",
        "source-map": "^0.6.1"
      }
    },
    "@vue/compiler-ssr": {
      "version": "3.2.2",
      "resolved": "http://registry.npm.op.xcar.com.cn:8081/repository/npm-group/@vue/compiler-ssr/-/compiler-ssr-3.2.2.tgz",
      "integrity": "sha1-Yzu44B8AqWnDXKEtsyvn/kxxhak=",
      "dev": true,
      "requires": {
        "@vue/compiler-dom": "3.2.2",
        "@vue/shared": "3.2.2"
      }
    },
    "@vue/devtools-api": {
      "version": "6.0.0-beta.15",
      "resolved": "http://registry.npm.op.xcar.com.cn:8081/repository/npm-group/@vue/devtools-api/-/devtools-api-6.0.0-beta.15.tgz",
      "integrity": "sha1-rXyzhOBi8WW8+cg3MhJb/7wq2D0="
    },
    "@vue/reactivity": {
      "version": "3.2.2",
      "resolved": "http://registry.npm.op.xcar.com.cn:8081/repository/npm-group/@vue/reactivity/-/reactivity-3.2.2.tgz",
      "integrity": "sha1-03ARpoOV4Dijz1JWr1LUjFkbBrY=",
      "requires": {
        "@vue/shared": "3.2.2"
      }
    },
    "@vue/runtime-core": {
      "version": "3.2.2",
      "resolved": "http://registry.npm.op.xcar.com.cn:8081/repository/npm-group/@vue/runtime-core/-/runtime-core-3.2.2.tgz",
      "integrity": "sha1-uaclB4PeGd2N1v6/AICEsPkURYY=",
      "requires": {
        "@vue/reactivity": "3.2.2",
        "@vue/shared": "3.2.2"
      }
    },
    "@vue/runtime-dom": {
      "version": "3.2.2",
      "resolved": "http://registry.npm.op.xcar.com.cn:8081/repository/npm-group/@vue/runtime-dom/-/runtime-dom-3.2.2.tgz",
      "integrity": "sha1-bQ2iPtHPxwJHf0uMXcT5M1yU4Rk=",
      "requires": {
        "@vue/runtime-core": "3.2.2",
        "@vue/shared": "3.2.2",
        "csstype": "^2.6.8"
      }
    },
    "@vue/shared": {
      "version": "3.2.2",
      "resolved": "http://registry.npm.op.xcar.com.cn:8081/repository/npm-group/@vue/shared/-/shared-3.2.2.tgz",
      "integrity": "sha1-YQQYXr1Xr1oUrFHB9JGyIF/CQFQ="
    },
    "anymatch": {
      "version": "3.1.2",
      "resolved": "http://registry.npm.op.xcar.com.cn:8081/repository/npm-group/anymatch/-/anymatch-3.1.2.tgz",
      "integrity": "sha1-wFV8CWrzLxBhmPT04qODU343hxY=",
      "dev": true,
      "requires": {
        "normalize-path": "^3.0.0",
        "picomatch": "^2.0.4"
      }
    },
    "async-validator": {
      "version": "3.5.2",
      "resolved": "http://registry.npm.op.xcar.com.cn:8081/repository/npm-group/async-validator/-/async-validator-3.5.2.tgz",
      "integrity": "sha1-aOhmqWgk6LJpT/eoMcGiXETV5QA="
    },
    "axios": {
      "version": "0.21.1",
      "resolved": "http://registry.npm.op.xcar.com.cn:8081/repository/npm-group/axios/-/axios-0.21.1.tgz",
      "integrity": "sha1-IlY0gZYvTWvemnbVFu8OXTwJsrg=",
      "requires": {
        "follow-redirects": "^1.10.0"
      }
    },
    "big.js": {
      "version": "5.2.2",
      "resolved": "http://registry.npm.op.xcar.com.cn:8081/repository/npm-group/big.js/-/big.js-5.2.2.tgz",
      "integrity": "sha1-ZfCvOC9Xi83HQr2cKB6cstd2gyg=",
      "dev": true
    },
    "binary-extensions": {
      "version": "2.2.0",
      "resolved": "http://registry.npm.op.xcar.com.cn:8081/repository/npm-group/binary-extensions/-/binary-extensions-2.2.0.tgz",
      "integrity": "sha1-dfUC7q+f/eQvyYgpZFvk6na9ni0=",
      "dev": true
    },
    "bluebird": {
      "version": "3.7.2",
      "resolved": "http://registry.npm.op.xcar.com.cn:8081/repository/npm-group/bluebird/-/bluebird-3.7.2.tgz",
      "integrity": "sha1-nyKcFb4nJFT/qXOs4NvueaGww28=",
      "dev": true
    },
    "braces": {
      "version": "3.0.2",
      "resolved": "http://registry.npm.op.xcar.com.cn:8081/repository/npm-group/braces/-/braces-3.0.2.tgz",
      "integrity": "sha1-NFThpGLujVmeI23zNs2epPiv4Qc=",
      "dev": true,
      "requires": {
        "fill-range": "^7.0.1"
      }
    },
    "chokidar": {
      "version": "3.5.2",
      "resolved": "http://registry.npm.op.xcar.com.cn:8081/repository/npm-group/chokidar/-/chokidar-3.5.2.tgz",
      "integrity": "sha1-26OXb8rbAW9m/TZQIdkWANAcHnU=",
      "dev": true,
      "requires": {
        "anymatch": "~3.1.2",
        "braces": "~3.0.2",
        "fsevents": "~2.3.2",
        "glob-parent": "~5.1.2",
        "is-binary-path": "~2.1.0",
        "is-glob": "~4.0.1",
        "normalize-path": "~3.0.0",
        "readdirp": "~3.6.0"
      }
    },
    "colorette": {
      "version": "1.3.0",
      "resolved": "http://registry.npm.op.xcar.com.cn:8081/repository/npm-group/colorette/-/colorette-1.3.0.tgz",
      "integrity": "sha1-/0XS8O2yRAadO3cq3rBP7TjQoK8="
    },
    "consolidate": {
      "version": "0.16.0",
      "resolved": "http://registry.npm.op.xcar.com.cn:8081/repository/npm-group/consolidate/-/consolidate-0.16.0.tgz",
      "integrity": "sha1-oRhkdokw8vGUMWYKZZBmaPX73BY=",
      "dev": true,
      "requires": {
        "bluebird": "^3.7.2"
      }
    },
    "cssesc": {
      "version": "3.0.0",
      "resolved": "http://registry.npm.op.xcar.com.cn:8081/repository/npm-group/cssesc/-/cssesc-3.0.0.tgz",
      "integrity": "sha1-N3QZGZA7hoVl4cCep0dEXNGJg+4=",
      "dev": true
    },
    "csstype": {
      "version": "2.6.17",
      "resolved": "http://registry.npm.op.xcar.com.cn:8081/repository/npm-group/csstype/-/csstype-2.6.17.tgz",
      "integrity": "sha1-TPMOuH4dGgBdi2UQ+VKSQT9qHA4="
    },
    "dayjs": {
      "version": "1.10.6",
      "resolved": "http://registry.npm.op.xcar.com.cn:8081/repository/npm-group/dayjs/-/dayjs-1.10.6.tgz",
      "integrity": "sha1-KIsqqC8thBimydTfWJjAc3rQKmM="
    },
    "element-plus": {
      "version": "1.0.2-beta.70",
      "resolved": "http://registry.npm.op.xcar.com.cn:8081/repository/npm-group/element-plus/-/element-plus-1.0.2-beta.70.tgz",
      "integrity": "sha1-EwWPTnjF5zsZqRVATXEHahOiYW4=",
      "requires": {
        "@element-plus/icons": "^0.0.11",
        "@popperjs/core": "^2.4.4",
        "async-validator": "^3.4.0",
        "dayjs": "1.x",
        "lodash": "^4.17.20",
        "mitt": "^2.1.0",
        "normalize-wheel": "^1.0.1",
        "resize-observer-polyfill": "^1.5.1"
      }
    },
    "emojis-list": {
      "version": "3.0.0",
      "resolved": "http://registry.npm.op.xcar.com.cn:8081/repository/npm-group/emojis-list/-/emojis-list-3.0.0.tgz",
      "integrity": "sha1-VXBmIEatKeLpFucariYKvf9Pang=",
      "dev": true
    },
    "esbuild": {
      "version": "0.12.20",
      "resolved": "http://registry.npm.op.xcar.com.cn:8081/repository/npm-group/esbuild/-/esbuild-0.12.20.tgz",
      "integrity": "sha1-TTydg8maQDHgJ7QqTDmMI7aCfLA="
    },
    "estree-walker": {
      "version": "2.0.2",
      "resolved": "http://registry.npm.op.xcar.com.cn:8081/repository/npm-group/estree-walker/-/estree-walker-2.0.2.tgz",
      "integrity": "sha1-UvAQF4wqTBF6d1fP6UKtt9LaTKw="
    },
    "fill-range": {
      "version": "7.0.1",
      "resolved": "http://registry.npm.op.xcar.com.cn:8081/repository/npm-group/fill-range/-/fill-range-7.0.1.tgz",
      "integrity": "sha1-GRmmp8df44ssfHflGYU12prN2kA=",
      "dev": true,
      "requires": {
        "to-regex-range": "^5.0.1"
      }
    },
    "follow-redirects": {
      "version": "1.14.1",
      "resolved": "http://registry.npm.op.xcar.com.cn:8081/repository/npm-group/follow-redirects/-/follow-redirects-1.14.1.tgz",
      "integrity": "sha1-2RFN7Qoc/dM04WTmZirQK/2R/0M="
    },
    "fsevents": {
      "version": "2.3.2",
      "resolved": "http://registry.npm.op.xcar.com.cn:8081/repository/npm-group/fsevents/-/fsevents-2.3.2.tgz",
      "integrity": "sha1-ilJveLj99GI7cJ4Ll1xSwkwC/Ro=",
      "optional": true
    },
    "function-bind": {
      "version": "1.1.1",
      "resolved": "http://registry.npm.op.xcar.com.cn:8081/repository/npm-group/function-bind/-/function-bind-1.1.1.tgz",
      "integrity": "sha1-pWiZ0+o8m6uHS7l3O3xe3pL0iV0="
    },
    "generic-names": {
      "version": "2.0.1",
      "resolved": "http://registry.npm.op.xcar.com.cn:8081/repository/npm-group/generic-names/-/generic-names-2.0.1.tgz",
      "integrity": "sha1-+KN46tLMqno08DF7BVVIMq5BuHI=",
      "dev": true,
      "requires": {
        "loader-utils": "^1.1.0"
      }
    },
    "glob-parent": {
      "version": "5.1.2",
      "resolved": "http://registry.npm.op.xcar.com.cn:8081/repository/npm-group/glob-parent/-/glob-parent-5.1.2.tgz",
      "integrity": "sha1-hpgyxYA0/mikCTwX3BXoNA2EAcQ=",
      "dev": true,
      "requires": {
        "is-glob": "^4.0.1"
      }
    },
    "has": {
      "version": "1.0.3",
      "resolved": "http://registry.npm.op.xcar.com.cn:8081/repository/npm-group/has/-/has-1.0.3.tgz",
      "integrity": "sha1-ci18v8H2qoJB8W3YFOAR4fQeh5Y=",
      "requires": {
        "function-bind": "^1.1.1"
      }
    },
    "hash-sum": {
      "version": "2.0.0",
      "resolved": "http://registry.npm.op.xcar.com.cn:8081/repository/npm-group/hash-sum/-/hash-sum-2.0.0.tgz",
      "integrity": "sha1-gdAbtd6OpKIUrV1urRtSNGCwtFo=",
      "dev": true
    },
    "icss-replace-symbols": {
      "version": "1.1.0",
      "resolved": "http://registry.npm.op.xcar.com.cn:8081/repository/npm-group/icss-replace-symbols/-/icss-replace-symbols-1.1.0.tgz",
      "integrity": "sha1-Bupvg2ead0njhs/h/oEq5dsiPe0=",
      "dev": true
    },
    "icss-utils": {
      "version": "5.1.0",
      "resolved": "http://registry.npm.op.xcar.com.cn:8081/repository/npm-group/icss-utils/-/icss-utils-5.1.0.tgz",
      "integrity": "sha1-xr5oWKvQE9do6YNmrkfiXViHsa4=",
      "dev": true
    },
    "is-binary-path": {
      "version": "2.1.0",
      "resolved": "http://registry.npm.op.xcar.com.cn:8081/repository/npm-group/is-binary-path/-/is-binary-path-2.1.0.tgz",
      "integrity": "sha1-6h9/O4DwZCNug0cPhsCcJU+0Wwk=",
      "dev": true,
      "requires": {
        "binary-extensions": "^2.0.0"
      }
    },
    "is-core-module": {
      "version": "2.5.0",
      "resolved": "http://registry.npm.op.xcar.com.cn:8081/repository/npm-group/is-core-module/-/is-core-module-2.5.0.tgz",
      "integrity": "sha1-91SENhfHC/0pt72HMnQAzaXBhJE=",
      "requires": {
        "has": "^1.0.3"
      }
    },
    "is-extglob": {
      "version": "2.1.1",
      "resolved": "http://registry.npm.op.xcar.com.cn:8081/repository/npm-group/is-extglob/-/is-extglob-2.1.1.tgz",
      "integrity": "sha1-qIwCU1eR8C7TfHahueqXc8gz+MI=",
      "dev": true
    },
    "is-glob": {
      "version": "4.0.1",
      "resolved": "http://registry.npm.op.xcar.com.cn:8081/repository/npm-group/is-glob/-/is-glob-4.0.1.tgz",
      "integrity": "sha1-dWfb6fL14kZ7x3q4PEopSCQHpdw=",
      "dev": true,
      "requires": {
        "is-extglob": "^2.1.1"
      }
    },
    "is-number": {
      "version": "7.0.0",
      "resolved": "http://registry.npm.op.xcar.com.cn:8081/repository/npm-group/is-number/-/is-number-7.0.0.tgz",
      "integrity": "sha1-dTU0W4lnNNX4DE0GxQlVUnoU8Ss=",
      "dev": true
    },
    "json5": {
      "version": "1.0.1",
      "resolved": "http://registry.npm.op.xcar.com.cn:8081/repository/npm-group/json5/-/json5-1.0.1.tgz",
      "integrity": "sha1-d5+wAYYE+oVOrL9iUhgNg1Q+Pb4=",
      "dev": true,
      "requires": {
        "minimist": "^1.2.0"
      }
    },
    "loader-utils": {
      "version": "1.4.0",
      "resolved": "http://registry.npm.op.xcar.com.cn:8081/repository/npm-group/loader-utils/-/loader-utils-1.4.0.tgz",
      "integrity": "sha1-xXm140yzSxp07cbB+za/o3HVphM=",
      "dev": true,
      "requires": {
        "big.js": "^5.2.2",
        "emojis-list": "^3.0.0",
        "json5": "^1.0.1"
      }
    },
    "lodash": {
      "version": "4.17.21",
      "resolved": "http://registry.npm.op.xcar.com.cn:8081/repository/npm-group/lodash/-/lodash-4.17.21.tgz",
      "integrity": "sha1-Z5WRxWTDv/quhFTPCz3zcMPWkRw="
    },
    "lodash.camelcase": {
      "version": "4.3.0",
      "resolved": "http://registry.npm.op.xcar.com.cn:8081/repository/npm-group/lodash.camelcase/-/lodash.camelcase-4.3.0.tgz",
      "integrity": "sha1-soqmKIorn8ZRA1x3EfZathkDMaY=",
      "dev": true
    },
    "lru-cache": {
      "version": "5.1.1",
      "resolved": "http://registry.npm.op.xcar.com.cn:8081/repository/npm-group/lru-cache/-/lru-cache-5.1.1.tgz",
      "integrity": "sha1-HaJ+ZxAnGUdpXa9oSOhH8B2EuSA=",
      "dev": true,
      "requires": {
        "yallist": "^3.0.2"
      }
    },
    "magic-string": {
      "version": "0.25.7",
      "resolved": "http://registry.npm.op.xcar.com.cn:8081/repository/npm-group/magic-string/-/magic-string-0.25.7.tgz",
      "integrity": "sha1-P0l9b9NMZpxnmNy4IfLvMfVEUFE=",
      "dev": true,
      "requires": {
        "sourcemap-codec": "^1.4.4"
      }
    },
    "merge-source-map": {
      "version": "1.1.0",
      "resolved": "http://registry.npm.op.xcar.com.cn:8081/repository/npm-group/merge-source-map/-/merge-source-map-1.1.0.tgz",
      "integrity": "sha1-L93n5gIJOfcJBqaPLXrmheTIxkY=",
      "dev": true,
      "requires": {
        "source-map": "^0.6.1"
      }
    },
    "minimist": {
      "version": "1.2.5",
      "resolved": "http://registry.npm.op.xcar.com.cn:8081/repository/npm-group/minimist/-/minimist-1.2.5.tgz",
      "integrity": "sha1-Z9ZgFLZqaoqqDAg8X9WN9OTpdgI=",
      "dev": true
    },
    "mitt": {
      "version": "2.1.0",
      "resolved": "http://registry.npm.op.xcar.com.cn:8081/repository/npm-group/mitt/-/mitt-2.1.0.tgz",
      "integrity": "sha1-90BXfCMXbGIFsSGylzUU6t4bIjA="
    },
    "nanoid": {
      "version": "3.1.25",
      "resolved": "http://registry.npm.op.xcar.com.cn:8081/repository/npm-group/nanoid/-/nanoid-3.1.25.tgz",
      "integrity": "sha1-CcoydHwOVD8OGBS303k0d/nI4VI="
    },
    "normalize-path": {
      "version": "3.0.0",
      "resolved": "http://registry.npm.op.xcar.com.cn:8081/repository/npm-group/normalize-path/-/normalize-path-3.0.0.tgz",
      "integrity": "sha1-Dc1p/yOhybEf0JeDFmRKA4ghamU=",
      "dev": true
    },
    "normalize-wheel": {
      "version": "1.0.1",
      "resolved": "http://registry.npm.op.xcar.com.cn:8081/repository/npm-group/normalize-wheel/-/normalize-wheel-1.0.1.tgz",
      "integrity": "sha1-rsiGr/2wRQcNhWRH32Ls+GFG7EU="
    },
    "path-parse": {
      "version": "1.0.7",
      "resolved": "http://registry.npm.op.xcar.com.cn:8081/repository/npm-group/path-parse/-/path-parse-1.0.7.tgz",
      "integrity": "sha1-+8EUtgykKzDZ2vWFjkvWi77bZzU="
    },
    "picomatch": {
      "version": "2.3.0",
      "resolved": "http://registry.npm.op.xcar.com.cn:8081/repository/npm-group/picomatch/-/picomatch-2.3.0.tgz",
      "integrity": "sha1-8fBh3o9qS/AiiS4tEoI0+5gwKXI=",
      "dev": true
    },
    "postcss": {
      "version": "8.3.6",
      "resolved": "http://registry.npm.op.xcar.com.cn:8081/repository/npm-group/postcss/-/postcss-8.3.6.tgz",
      "integrity": "sha1-JzDddql5afN/U7mmCWGXvjEcxOo=",
      "requires": {
        "colorette": "^1.2.2",
        "nanoid": "^3.1.23",
        "source-map-js": "^0.6.2"
      }
    },
    "postcss-modules": {
      "version": "4.2.2",
      "resolved": "http://registry.npm.op.xcar.com.cn:8081/repository/npm-group/postcss-modules/-/postcss-modules-4.2.2.tgz",
      "integrity": "sha1-Xnd3xaiWTqF2kZ2QsuVO+JEyHOU=",
      "dev": true,
      "requires": {
        "generic-names": "^2.0.1",
        "icss-replace-symbols": "^1.1.0",
        "lodash.camelcase": "^4.3.0",
        "postcss-modules-extract-imports": "^3.0.0",
        "postcss-modules-local-by-default": "^4.0.0",
        "postcss-modules-scope": "^3.0.0",
        "postcss-modules-values": "^4.0.0",
        "string-hash": "^1.1.1"
      }
    },
    "postcss-modules-extract-imports": {
      "version": "3.0.0",
      "resolved": "http://registry.npm.op.xcar.com.cn:8081/repository/npm-group/postcss-modules-extract-imports/-/postcss-modules-extract-imports-3.0.0.tgz",
      "integrity": "sha1-zaHwR8CugMl9vijD52pDuIAldB0=",
      "dev": true
    },
    "postcss-modules-local-by-default": {
      "version": "4.0.0",
      "resolved": "http://registry.npm.op.xcar.com.cn:8081/repository/npm-group/postcss-modules-local-by-default/-/postcss-modules-local-by-default-4.0.0.tgz",
      "integrity": "sha1-67tU+uFZjuz99pGgKz/zs5ClpRw=",
      "dev": true,
      "requires": {
        "icss-utils": "^5.0.0",
        "postcss-selector-parser": "^6.0.2",
        "postcss-value-parser": "^4.1.0"
      }
    },
    "postcss-modules-scope": {
      "version": "3.0.0",
      "resolved": "http://registry.npm.op.xcar.com.cn:8081/repository/npm-group/postcss-modules-scope/-/postcss-modules-scope-3.0.0.tgz",
      "integrity": "sha1-nvMVFFbTu/oSDKRImN/Kby+gHwY=",
      "dev": true,
      "requires": {
        "postcss-selector-parser": "^6.0.4"
      }
    },
    "postcss-modules-values": {
      "version": "4.0.0",
      "resolved": "http://registry.npm.op.xcar.com.cn:8081/repository/npm-group/postcss-modules-values/-/postcss-modules-values-4.0.0.tgz",
      "integrity": "sha1-18Xn5ow7s8myfL9Iyguz/7RgLJw=",
      "dev": true,
      "requires": {
        "icss-utils": "^5.0.0"
      }
    },
    "postcss-selector-parser": {
      "version": "6.0.6",
      "resolved": "http://registry.npm.op.xcar.com.cn:8081/repository/npm-group/postcss-selector-parser/-/postcss-selector-parser-6.0.6.tgz",
      "integrity": "sha1-LFu6gXSsL2mBq2MaQqsO5UrzMuo=",
      "dev": true,
      "requires": {
        "cssesc": "^3.0.0",
        "util-deprecate": "^1.0.2"
      }
    },
    "postcss-value-parser": {
      "version": "4.1.0",
      "resolved": "http://registry.npm.op.xcar.com.cn:8081/repository/npm-group/postcss-value-parser/-/postcss-value-parser-4.1.0.tgz",
      "integrity": "sha1-RD9qIM7WSBor2k+oUypuVdeJoss=",
      "dev": true
    },
    "readdirp": {
      "version": "3.6.0",
      "resolved": "http://registry.npm.op.xcar.com.cn:8081/repository/npm-group/readdirp/-/readdirp-3.6.0.tgz",
      "integrity": "sha1-dKNwvYVxFuJFspzJc0DNQxoCpsc=",
      "dev": true,
      "requires": {
        "picomatch": "^2.2.1"
      }
    },
    "resize-observer-polyfill": {
      "version": "1.5.1",
      "resolved": "http://registry.npm.op.xcar.com.cn:8081/repository/npm-group/resize-observer-polyfill/-/resize-observer-polyfill-1.5.1.tgz",
      "integrity": "sha1-DpAg3T0hAkRY1OvSfiPkAmmBBGQ="
    },
    "resolve": {
      "version": "1.20.0",
      "resolved": "http://registry.npm.op.xcar.com.cn:8081/repository/npm-group/resolve/-/resolve-1.20.0.tgz",
      "integrity": "sha1-YpoBP7P3B1XW8LeTXMHCxTeLGXU=",
      "requires": {
        "is-core-module": "^2.2.0",
        "path-parse": "^1.0.6"
      }
    },
    "rollup": {
      "version": "2.56.2",
      "resolved": "http://registry.npm.op.xcar.com.cn:8081/repository/npm-group/rollup/-/rollup-2.56.2.tgz",
      "integrity": "sha1-oEX/P2r1PuAJtfUBbKPaAynlRw8=",
      "requires": {
        "fsevents": "~2.3.2"
      }
    },
    "sass": {
      "version": "1.37.5",
      "resolved": "http://registry.npm.op.xcar.com.cn:8081/repository/npm-group/sass/-/sass-1.37.5.tgz",
      "integrity": "sha1-9oODUffMgUxPz+HZog4Mq70eezw=",
      "dev": true,
      "requires": {
        "chokidar": ">=3.0.0 <4.0.0"
      }
    },
    "source-map": {
      "version": "0.6.1",
      "resolved": "http://registry.npm.op.xcar.com.cn:8081/repository/npm-group/source-map/-/source-map-0.6.1.tgz",
      "integrity": "sha1-dHIq8y6WFOnCh6jQu95IteLxomM="
    },
    "source-map-js": {
      "version": "0.6.2",
      "resolved": "http://registry.npm.op.xcar.com.cn:8081/repository/npm-group/source-map-js/-/source-map-js-0.6.2.tgz",
      "integrity": "sha1-C7XeYxtBz72mz7qL0FqA79/SOF4="
    },
    "sourcemap-codec": {
      "version": "1.4.8",
      "resolved": "http://registry.npm.op.xcar.com.cn:8081/repository/npm-group/sourcemap-codec/-/sourcemap-codec-1.4.8.tgz",
      "integrity": "sha1-6oBL2UhXQC5pktBaOO8a41qatMQ=",
      "dev": true
    },
    "string-hash": {
      "version": "1.1.3",
      "resolved": "http://registry.npm.op.xcar.com.cn:8081/repository/npm-group/string-hash/-/string-hash-1.1.3.tgz",
      "integrity": "sha1-6Kr8CsGFW0Zmkp7X3RJ1311sgRs=",
      "dev": true
    },
    "to-fast-properties": {
      "version": "2.0.0",
      "resolved": "http://registry.npm.op.xcar.com.cn:8081/repository/npm-group/to-fast-properties/-/to-fast-properties-2.0.0.tgz",
      "integrity": "sha1-3F5pjL0HkmW8c+A3doGk5Og/YW4="
    },
    "to-regex-range": {
      "version": "5.0.1",
      "resolved": "http://registry.npm.op.xcar.com.cn:8081/repository/npm-group/to-regex-range/-/to-regex-range-5.0.1.tgz",
      "integrity": "sha1-FkjESq58jZiKMmAY7XL1tN0DkuQ=",
      "dev": true,
      "requires": {
        "is-number": "^7.0.0"
      }
    },
    "util-deprecate": {
      "version": "1.0.2",
      "resolved": "http://registry.npm.op.xcar.com.cn:8081/repository/npm-group/util-deprecate/-/util-deprecate-1.0.2.tgz",
      "integrity": "sha1-RQ1Nyfpw3nMnYvvS1KKJgUGaDM8=",
      "dev": true
    },
    "vite": {
      "version": "2.4.4",
      "resolved": "http://registry.npm.op.xcar.com.cn:8081/repository/npm-group/vite/-/vite-2.4.4.tgz",
      "integrity": "sha1-jEAqB61F8Wj261Qovq048+Q2Pkc=",
      "requires": {
        "esbuild": "^0.12.8",
        "fsevents": "~2.3.2",
        "postcss": "^8.3.6",
        "resolve": "^1.20.0",
        "rollup": "^2.38.5"
      }
    },
    "vue": {
      "version": "3.2.2",
      "resolved": "http://registry.npm.op.xcar.com.cn:8081/repository/npm-group/vue/-/vue-3.2.2.tgz",
      "integrity": "sha1-EXFctxoCuu/Q9uZVLcYjaA6xvzI=",
      "requires": {
        "@vue/compiler-dom": "3.2.2",
        "@vue/runtime-dom": "3.2.2",
        "@vue/shared": "3.2.2"
      }
    },
    "vue-router": {
      "version": "4.0.11",
      "resolved": "http://registry.npm.op.xcar.com.cn:8081/repository/npm-group/vue-router/-/vue-router-4.0.11.tgz",
      "integrity": "sha1-zWSaCUHGNSgXY6IJZbWZZD3caO0=",
      "requires": {
        "@vue/devtools-api": "^6.0.0-beta.14"
      }
    },
    "vuex": {
      "version": "4.0.2",
      "resolved": "http://registry.npm.op.xcar.com.cn:8081/repository/npm-group/vuex/-/vuex-4.0.2.tgz",
      "integrity": "sha1-+Jbb1b8qDpY/AMZ+m2EN50nMrMk=",
      "requires": {
        "@vue/devtools-api": "^6.0.0-beta.11"
      }
    },
    "yallist": {
      "version": "3.1.1",
      "resolved": "http://registry.npm.op.xcar.com.cn:8081/repository/npm-group/yallist/-/yallist-3.1.1.tgz",
      "integrity": "sha1-27fa+b/YusmrRev2ArjLrQ1dCP0=",
      "dev": true
    }
  }
}
